
Microsoft Visual Studio Solution File, Format Version 12.00
# Visual Studio 2013
VisualStudioVersion = 12.0.30110.0
MinimumVisualStudioVersion = 10.0.40219.1
Project("{FAE04EC0-301F-11D3-BF4B-00C04F79EFBC}") = "mForex.API", "mForex.API\mForex.API.csproj", "{D6527184-9796-499A-A643-9523CA02B3D4}"
EndProject
Project("{2150E333-8FDC-42A3-9474-1A3956D46DE8}") = ".nuget", ".nuget", "{D80CC5ED-86DD-4857-BC71-A1C9F642CF65}"
	ProjectSection(SolutionItems) = preProject
		.nuget\NuGet.Config = .nuget\NuGet.Config
		.nuget\NuGet.exe = .nuget\NuGet.exe
		.nuget\NuGet.targets = .nuget\NuGet.targets
	EndProjectSection
EndProject
Project("{FAE04EC0-301F-11D3-BF4B-00C04F79EFBC}") = "mForex.API.Tests", "mForex.API.Tests\mForex.API.Tests.csproj", "{63AF71E7-7C94-4EEE-B074-71D384AA9D9D}"
EndProject
Project("{2150E333-8FDC-42A3-9474-1A3956D46DE8}") = "Samples", "Samples", "{FCA58C81-8FCE-4722-B25B-65CC37CC07D9}"
EndProject
Project("{FAE04EC0-301F-11D3-BF4B-00C04F79EFBC}") = "Console Trader 0.1", "Samples\Console Trader 0.1\Console Trader 0.1.csproj", "{14EF2C2C-8EA9-46E6-86F5-19BEF77938F4}"
EndProject
Project("{FAE04EC0-301F-11D3-BF4B-00C04F79EFBC}") = "Console Trader 0.3", "Samples\Console Trader 0.3\Console Trader 0.3.csproj", "{D3797792-CFB7-4ED8-92BE-C8378B5641EA}"
EndProject
Project("{FAE04EC0-301F-11D3-BF4B-00C04F79EFBC}") = "Console Trader 0.2", "Samples\Console Trader 0.2\Console Trader 0.2.csproj", "{C4BF5EF6-5B39-4A84-97BA-EE5C392FAD23}"
EndProject
Global
	GlobalSection(SolutionConfigurationPlatforms) = preSolution
		Debug|Any CPU = Debug|Any CPU
		Release|Any CPU = Release|Any CPU
	EndGlobalSection
	GlobalSection(ProjectConfigurationPlatforms) = postSolution
		{D6527184-9796-499A-A643-9523CA02B3D4}.Debug|Any CPU.ActiveCfg = Debug|Any CPU
		{D6527184-9796-499A-A643-9523CA02B3D4}.Debug|Any CPU.Build.0 = Debug|Any CPU
		{D6527184-9796-499A-A643-9523CA02B3D4}.Release|Any CPU.ActiveCfg = Release|Any CPU
		{D6527184-9796-499A-A643-9523CA02B3D4}.Release|Any CPU.Build.0 = Release|Any CPU
		{63AF71E7-7C94-4EEE-B074-71D384AA9D9D}.Debug|Any CPU.ActiveCfg = Debug|Any CPU
		{63AF71E7-7C94-4EEE-B074-71D384AA9D9D}.Debug|Any CPU.Build.0 = Debug|Any CPU
		{63AF71E7-7C94-4EEE-B074-71D384AA9D9D}.Release|Any CPU.ActiveCfg = Release|Any CPU
		{63AF71E7-7C94-4EEE-B074-71D384AA9D9D}.Release|Any CPU.Build.0 = Release|Any CPU
		{14EF2C2C-8EA9-46E6-86F5-19BEF77938F4}.Debug|Any CPU.ActiveCfg = Debug|Any CPU
		{14EF2C2C-8EA9-46E6-86F5-19BEF77938F4}.Debug|Any CPU.Build.0 = Debug|Any CPU
		{14EF2C2C-8EA9-46E6-86F5-19BEF77938F4}.Release|Any CPU.ActiveCfg = Release|Any CPU
		{14EF2C2C-8EA9-46E6-86F5-19BEF77938F4}.Release|Any CPU.Build.0 = Release|Any CPU
		{D3797792-CFB7-4ED8-92BE-C8378B5641EA}.Debug|Any CPU.ActiveCfg = Debug|Any CPU
		{D3797792-CFB7-4ED8-92BE-C8378B5641EA}.Debug|Any CPU.Build.0 = Debug|Any CPU
		{D3797792-CFB7-4ED8-92BE-C8378B5641EA}.Release|Any CPU.ActiveCfg = Release|Any CPU
		{D3797792-CFB7-4ED8-92BE-C8378B5641EA}.Release|Any CPU.Build.0 = Release|Any CPU
		{C4BF5EF6-5B39-4A84-97BA-EE5C392FAD23}.Debug|Any CPU.ActiveCfg = Debug|Any CPU
		{C4BF5EF6-5B39-4A84-97BA-EE5C392FAD23}.Debug|Any CPU.Build.0 = Debug|Any CPU
		{C4BF5EF6-5B39-4A84-97BA-EE5C392FAD23}.Release|Any CPU.ActiveCfg = Release|Any CPU
		{C4BF5EF6-5B39-4A84-97BA-EE5C392FAD23}.Release|Any CPU.Build.0 = Release|Any CPU
	EndGlobalSection
	GlobalSection(SolutionProperties) = preSolution
		HideSolutionNode = FALSE
	EndGlobalSection
	GlobalSection(NestedProjects) = preSolution
		{14EF2C2C-8EA9-46E6-86F5-19BEF77938F4} = {FCA58C81-8FCE-4722-B25B-65CC37CC07D9}
		{D3797792-CFB7-4ED8-92BE-C8378B5641EA} = {FCA58C81-8FCE-4722-B25B-65CC37CC07D9}
		{C4BF5EF6-5B39-4A84-97BA-EE5C392FAD23} = {FCA58C81-8FCE-4722-B25B-65CC37CC07D9}
	EndGlobalSection
EndGlobal
